github.com/krokomoko/fuzzy v0.0.0-20250521212626-7477bddbf129 h1:Yqz+pRgjEWUS5o/YbREcsOGqIfyvfF/XB281zH0nZX8=
github.com/krokomoko/fuzzy v0.0.0-20250521212626-7477bddbf129/go.mod h1:6s+z2V3tFi/1q3ZitYkepBaB6T9eRqq5uayNb65DAXM=
github.com/krokomoko/fuzzy v0.0.0-20250524080919-0642ac98b0f6 h1:ZA/QWKsoalZgDm29/JhBXafHF/k8rJIZ2YKu4odeNNE=
github.com/krokomoko/fuzzy v0.0.0-20250524080919-0642ac98b0f6/go.mod h1:6s+z2V3tFi/1q3ZitYkepBaB6T9eRqq5uayNb65DAXM=
